// !$*UTF8*$!
{
	archiveVersion = 1;
	classes = {
	};
	objectVersion = 46;
	objects = {

/* Begin PBXBuildFile section */
		1A87610515D9832A000D6DA5 /* libcocos2d.a in Frameworks */ = {isa = PBXBuildFile; fileRef = 1A87609815D98305000D6DA5 /* libcocos2d.a */; };
		1A87610815D98359000D6DA5 /* libCocosDenshion.a in Frameworks */ = {isa = PBXBuildFile; fileRef = 1A87609C15D98305000D6DA5 /* libCocosDenshion.a */; };
		1A8761EE15D9860E000D6DA5 /* AppDelegate.m in Sources */ = {isa = PBXBuildFile; fileRef = 1A8761EC15D98523000D6DA5 /* AppDelegate.m */; };
		C4A0C4B1156E9DFC00E0B7AA /* QuartzCore.framework in Frameworks */ = {isa = PBXBuildFile; fileRef = C4A0C4B0156E9DFC00E0B7AA /* QuartzCore.framework */; };
		C4A0C4B3156E9DFC00E0B7AA /* OpenGLES.framework in Frameworks */ = {isa = PBXBuildFile; fileRef = C4A0C4B2156E9DFC00E0B7AA /* OpenGLES.framework */; };
		C4A0C4B5156E9DFC00E0B7AA /* OpenAL.framework in Frameworks */ = {isa = PBXBuildFile; fileRef = C4A0C4B4156E9DFC00E0B7AA /* OpenAL.framework */; };
		C4A0C4B7156E9DFC00E0B7AA /* AudioToolbox.framework in Frameworks */ = {isa = PBXBuildFile; fileRef = C4A0C4B6156E9DFC00E0B7AA /* AudioToolbox.framework */; };
		C4A0C4B9156E9DFC00E0B7AA /* AVFoundation.framework in Frameworks */ = {isa = PBXBuildFile; fileRef = C4A0C4B8156E9DFC00E0B7AA /* AVFoundation.framework */; };
		C4A0C4BB156E9DFC00E0B7AA /* UIKit.framework in Frameworks */ = {isa = PBXBuildFile; fileRef = C4A0C4BA156E9DFC00E0B7AA /* UIKit.framework */; };
		C4A0C4BD156E9DFC00E0B7AA /* Foundation.framework in Frameworks */ = {isa = PBXBuildFile; fileRef = C4A0C4BC156E9DFC00E0B7AA /* Foundation.framework */; };
		C4A0C4BF156E9DFC00E0B7AA /* CoreGraphics.framework in Frameworks */ = {isa = PBXBuildFile; fileRef = C4A0C4BE156E9DFC00E0B7AA /* CoreGraphics.framework */; };
		C4A0C4C3156E9DFC00E0B7AA /* Default.png in Resources */ = {isa = PBXBuildFile; fileRef = C4A0C4C2156E9DFC00E0B7AA /* Default.png */; };
		C4A0C4C5156E9DFC00E0B7AA /* fps_images.png in Resources */ = {isa = PBXBuildFile; fileRef = C4A0C4C4156E9DFC00E0B7AA /* fps_images.png */; };
		C4A0C4C7156E9DFC00E0B7AA /* Icon-72.png in Resources */ = {isa = PBXBuildFile; fileRef = C4A0C4C6156E9DFC00E0B7AA /* Icon-72.png */; };
		C4A0C4C9156E9DFC00E0B7AA /* Icon-Small-50.png in Resources */ = {isa = PBXBuildFile; fileRef = C4A0C4C8156E9DFC00E0B7AA /* Icon-Small-50.png */; };
		C4A0C4CB156E9DFC00E0B7AA /* Icon-Small.png in Resources */ = {isa = PBXBuildFile; fileRef = C4A0C4CA156E9DFC00E0B7AA /* Icon-Small.png */; };
		C4A0C4CD156E9DFC00E0B7AA /* Icon-Small@2x.png in Resources */ = {isa = PBXBuildFile; fileRef = C4A0C4CC156E9DFC00E0B7AA /* Icon-Small@2x.png */; };
		C4A0C4CF156E9DFC00E0B7AA /* Icon.png in Resources */ = {isa = PBXBuildFile; fileRef = C4A0C4CE156E9DFC00E0B7AA /* Icon.png */; };
		C4A0C4D1156E9DFC00E0B7AA /* Icon@2x.png in Resources */ = {isa = PBXBuildFile; fileRef = C4A0C4D0156E9DFC00E0B7AA /* Icon@2x.png */; };
		C4A0C4D4156E9DFC00E0B7AA /* iTunesArtwork in Resources */ = {isa = PBXBuildFile; fileRef = C4A0C4D3156E9DFC00E0B7AA /* iTunesArtwork */; };
		C4A0C611156E9DFF00E0B7AA /* main.m in Sources */ = {isa = PBXBuildFile; fileRef = C4A0C610156E9DFF00E0B7AA /* main.m */; };
		C4A0C626156E9E5C00E0B7AA /* NSThread+BlockExtensions.m in Sources */ = {isa = PBXBuildFile; fileRef = C4A0C624156E9E5C00E0B7AA /* NSThread+BlockExtensions.m */; };
		C4A0C627156E9E5C00E0B7AA /* ResourcesLoader.m in Sources */ = {isa = PBXBuildFile; fileRef = C4A0C625156E9E5C00E0B7AA /* ResourcesLoader.m */; };
		C4A0C62A156E9E6B00E0B7AA /* collect.wav in Resources */ = {isa = PBXBuildFile; fileRef = C4A0C628156E9E6B00E0B7AA /* collect.wav */; };
		C4A0C62B156E9E6B00E0B7AA /* jump.wav in Resources */ = {isa = PBXBuildFile; fileRef = C4A0C629156E9E6B00E0B7AA /* jump.wav */; };
		C4A0C62E156E9F0C00E0B7AA /* HelloWorldScene.m in Sources */ = {isa = PBXBuildFile; fileRef = C4A0C62D156E9F0C00E0B7AA /* HelloWorldScene.m */; };
/* End PBXBuildFile section */

/* Begin PBXContainerItemProxy section */
		1A87609115D98305000D6DA5 /* PBXContainerItemProxy */ = {
			isa = PBXContainerItemProxy;
			containerPortal = 1A87602115D98301000D6DA5 /* cocos2d-ios.xcodeproj */;
			proxyType = 2;
			remoteGlobalIDString = 509807081175041800EA7266;
			remoteInfo = "build all tests";
		};
		1A87609315D98305000D6DA5 /* PBXContainerItemProxy */ = {
			isa = PBXContainerItemProxy;
			containerPortal = 1A87602115D98301000D6DA5 /* cocos2d-ios.xcodeproj */;
			proxyType = 2;
			remoteGlobalIDString = 504225700FC0B39C00B992F7;
			remoteInfo = box2d;
		};
		1A87609515D98305000D6DA5 /* PBXContainerItemProxy */ = {
			isa = PBXContainerItemProxy;
			containerPortal = 1A87602115D98301000D6DA5 /* cocos2d-ios.xcodeproj */;
			proxyType = 2;
			remoteGlobalIDString = 50B2C4D10E100AEA00AE9530;
			remoteInfo = Chipmunk;
		};
		1A87609715D98305000D6DA5 /* PBXContainerItemProxy */ = {
			isa = PBXContainerItemProxy;
			containerPortal = 1A87602115D98301000D6DA5 /* cocos2d-ios.xcodeproj */;
			proxyType = 2;
			remoteGlobalIDString = 5018F24D0DFDEAC400C013A5;
			remoteInfo = cocos2d;
		};
		1A87609915D98305000D6DA5 /* PBXContainerItemProxy */ = {
			isa = PBXContainerItemProxy;
			containerPortal = 1A87602115D98301000D6DA5 /* cocos2d-ios.xcodeproj */;
			proxyType = 2;
			remoteGlobalIDString = 502C65EE0DFEF3DD00E4107D;
			remoteInfo = "cocos2d-documentation";
		};
		1A87609B15D98305000D6DA5 /* PBXContainerItemProxy */ = {
			isa = PBXContainerItemProxy;
			containerPortal = 1A87602115D98301000D6DA5 /* cocos2d-ios.xcodeproj */;
			proxyType = 2;
			remoteGlobalIDString = 50CB2FCA1004C8B100B7A750;
			remoteInfo = CocosDenshion;
		};
		1A87609D15D98305000D6DA5 /* PBXContainerItemProxy */ = {
			isa = PBXContainerItemProxy;
			containerPortal = 1A87602115D98301000D6DA5 /* cocos2d-ios.xcodeproj */;
			proxyType = 2;
			remoteGlobalIDString = A04A1FEB13B826B300ABAFB7;
			remoteInfo = kazmath;
		};
		1A87609F15D98305000D6DA5 /* PBXContainerItemProxy */ = {
			isa = PBXContainerItemProxy;
			containerPortal = 1A87602115D98301000D6DA5 /* cocos2d-ios.xcodeproj */;
			proxyType = 2;
			remoteGlobalIDString = 503164CD10277665003ACFE7;
			remoteInfo = libpng;
		};
		1A8760A115D98305000D6DA5 /* PBXContainerItemProxy */ = {
			isa = PBXContainerItemProxy;
			containerPortal = 1A87602115D98301000D6DA5 /* cocos2d-ios.xcodeproj */;
			proxyType = 2;
			remoteGlobalIDString = 504CC32F1035BDE90096894C;
			remoteInfo = ActionManagerTest;
		};
		1A8760A315D98305000D6DA5 /* PBXContainerItemProxy */ = {
			isa = PBXContainerItemProxy;
			containerPortal = 1A87602115D98301000D6DA5 /* cocos2d-ios.xcodeproj */;
			proxyType = 2;
			remoteGlobalIDString = 50C93AAD0E0BF6E000517B01;
			remoteInfo = ActionsTest;
		};
		1A8760A515D98305000D6DA5 /* PBXContainerItemProxy */ = {
			isa = PBXContainerItemProxy;
			containerPortal = 1A87602115D98301000D6DA5 /* cocos2d-ios.xcodeproj */;
			proxyType = 2;
			remoteGlobalIDString = 05CA7B0410ED674700F12774;
			remoteInfo = ActionsWithBlocksSample;
		};
		1A8760A715D98305000D6DA5 /* PBXContainerItemProxy */ = {
			isa = PBXContainerItemProxy;
			containerPortal = 1A87602115D98301000D6DA5 /* cocos2d-ios.xcodeproj */;
			proxyType = 2;
			remoteGlobalIDString = 504828800F45AED700A30CEF;
			remoteInfo = AttachTest;
		};
		1A8760A915D98305000D6DA5 /* PBXContainerItemProxy */ = {
			isa = PBXContainerItemProxy;
			containerPortal = 1A87602115D98301000D6DA5 /* cocos2d-ios.xcodeproj */;
			proxyType = 2;
			remoteGlobalIDString = 5042262E0FC0B5D500B992F7;
			remoteInfo = Box2dAccelTouchTest;
		};
		1A8760AB15D98305000D6DA5 /* PBXContainerItemProxy */ = {
			isa = PBXContainerItemProxy;
			containerPortal = 1A87602115D98301000D6DA5 /* cocos2d-ios.xcodeproj */;
			proxyType = 2;
			remoteGlobalIDString = 50010ED2103B3DB80059EC2E;
			remoteInfo = Box2dTestBed;
		};
		1A8760AD15D98305000D6DA5 /* PBXContainerItemProxy */ = {
			isa = PBXContainerItemProxy;
			containerPortal = 1A87602115D98301000D6DA5 /* cocos2d-ios.xcodeproj */;
			proxyType = 2;
			remoteGlobalIDString = 50B2C5E80E100EF000AE9530;
			remoteInfo = ChipmunkAccelTouchTest;
		};
		1A8760AF15D98305000D6DA5 /* PBXContainerItemProxy */ = {
			isa = PBXContainerItemProxy;
			containerPortal = 1A87602115D98301000D6DA5 /* cocos2d-ios.xcodeproj */;
			proxyType = 2;
			remoteGlobalIDString = 506C77E20E01520900B48100;
			remoteInfo = ClickAndMoveTest;
		};
		1A8760B115D98305000D6DA5 /* PBXContainerItemProxy */ = {
			isa = PBXContainerItemProxy;
			containerPortal = 1A87602115D98301000D6DA5 /* cocos2d-ios.xcodeproj */;
			proxyType = 2;
			remoteGlobalIDString = 505224F911B3D4700061670F;
			remoteInfo = "CocosDenshion - Tom The Turret";
		};
		1A8760B315D98305000D6DA5 /* PBXContainerItemProxy */ = {
			isa = PBXContainerItemProxy;
			containerPortal = 1A87602115D98301000D6DA5 /* cocos2d-ios.xcodeproj */;
			proxyType = 2;
			remoteGlobalIDString = 505228BA11B3DBB90061670F;
			remoteInfo = "CocosDenshion - Drum Pad";
		};
		1A8760B515D98305000D6DA5 /* PBXContainerItemProxy */ = {
			isa = PBXContainerItemProxy;
			containerPortal = 1A87602115D98301000D6DA5 /* cocos2d-ios.xcodeproj */;
			proxyType = 2;
			remoteGlobalIDString = 5052293C11B3DCD80061670F;
			remoteInfo = "CocosDenshion - Fade To Grey";
		};
		1A8760B715D98305000D6DA5 /* PBXContainerItemProxy */ = {
			isa = PBXContainerItemProxy;
			containerPortal = 1A87602115D98301000D6DA5 /* cocos2d-ios.xcodeproj */;
			proxyType = 2;
			remoteGlobalIDString = 5052296E11B3DCE90061670F;
			remoteInfo = "CocosDenshion - FancyRat Metering";
		};
		1A8760B915D98305000D6DA5 /* PBXContainerItemProxy */ = {
			isa = PBXContainerItemProxy;
			containerPortal = 1A87602115D98301000D6DA5 /* cocos2d-ios.xcodeproj */;
			proxyType = 2;
			remoteGlobalIDString = A01AB91A149709E300C93DB6;
			remoteInfo = DirectorTest;
		};
		1A8760BB15D98305000D6DA5 /* PBXContainerItemProxy */ = {
			isa = PBXContainerItemProxy;
			containerPortal = 1A87602115D98301000D6DA5 /* cocos2d-ios.xcodeproj */;
			proxyType = 2;
			remoteGlobalIDString = 501945740F964C620059CE7C;
			remoteInfo = drawPrimitivesTest;
		};
		1A8760BD15D98305000D6DA5 /* PBXContainerItemProxy */ = {
			isa = PBXContainerItemProxy;
			containerPortal = 1A87602115D98301000D6DA5 /* cocos2d-ios.xcodeproj */;
			proxyType = 2;
			remoteGlobalIDString = 504E17DC11C4C7E100E19835;
			remoteInfo = EAGLViewTest;
		};
		1A8760BF15D98305000D6DA5 /* PBXContainerItemProxy */ = {
			isa = PBXContainerItemProxy;
			containerPortal = 1A87602115D98301000D6DA5 /* cocos2d-ios.xcodeproj */;
			proxyType = 2;
			remoteGlobalIDString = 505B63A30F2F4210001B4104;
			remoteInfo = ActionsEaseTest;
		};
		1A8760C115D98305000D6DA5 /* PBXContainerItemProxy */ = {
			isa = PBXContainerItemProxy;
			containerPortal = 1A87602115D98301000D6DA5 /* cocos2d-ios.xcodeproj */;
			proxyType = 2;
			remoteGlobalIDString = 50A24E440F377FA1007CAEB0;
			remoteInfo = EffectsTest;
		};
		1A8760C315D98305000D6DA5 /* PBXContainerItemProxy */ = {
			isa = PBXContainerItemProxy;
			containerPortal = 1A87602115D98301000D6DA5 /* cocos2d-ios.xcodeproj */;
			proxyType = 2;
			remoteGlobalIDString = 50D56FD20F3FABEC007CD6B9;
			remoteInfo = EffectsAdvancedTest;
		};
		1A8760C515D98305000D6DA5 /* PBXContainerItemProxy */ = {
			isa = PBXContainerItemProxy;
			containerPortal = 1A87602115D98301000D6DA5 /* cocos2d-ios.xcodeproj */;
			proxyType = 2;
			remoteGlobalIDString = A0F8418D151D3B3000EBBFCB;
			remoteInfo = FileUtilsTest;
		};
		1A8760C715D98305000D6DA5 /* PBXContainerItemProxy */ = {
			isa = PBXContainerItemProxy;
			containerPortal = 1A87602115D98301000D6DA5 /* cocos2d-ios.xcodeproj */;
			proxyType = 2;
			remoteGlobalIDString = DAABAA9A1059A42E00794EB3;
			remoteInfo = FontTest;
		};
		1A8760C915D98305000D6DA5 /* PBXContainerItemProxy */ = {
			isa = PBXContainerItemProxy;
			containerPortal = 1A87602115D98301000D6DA5 /* cocos2d-ios.xcodeproj */;
			proxyType = 2;
			remoteGlobalIDString = 50C7D4950E5C2ED80035ACA2;
			remoteInfo = IntervalTest;
		};
		1A8760CB15D98305000D6DA5 /* PBXContainerItemProxy */ = {
			isa = PBXContainerItemProxy;
			containerPortal = 1A87602115D98301000D6DA5 /* cocos2d-ios.xcodeproj */;
			proxyType = 2;
			remoteGlobalIDString = 506882110E95761200F943E5;
			remoteInfo = LabelTest;
		};
		1A8760CD15D98305000D6DA5 /* PBXContainerItemProxy */ = {
			isa = PBXContainerItemProxy;
			containerPortal = 1A87602115D98301000D6DA5 /* cocos2d-ios.xcodeproj */;
			proxyType = 2;
			remoteGlobalIDString = 504799B1100F6A4200D1C71A;
			remoteInfo = LayerTest;
		};
		1A8760CF15D98305000D6DA5 /* PBXContainerItemProxy */ = {
			isa = PBXContainerItemProxy;
			containerPortal = 1A87602115D98301000D6DA5 /* cocos2d-ios.xcodeproj */;
			proxyType = 2;
			remoteGlobalIDString = 506C7A090E01C73A00B48100;
			remoteInfo = MenuTest;
		};
		1A8760D115D98305000D6DA5 /* PBXContainerItemProxy */ = {
			isa = PBXContainerItemProxy;
			containerPortal = 1A87602115D98301000D6DA5 /* cocos2d-ios.xcodeproj */;
			proxyType = 2;
			remoteGlobalIDString = 50A783C40F3AFCE500104C45;
			remoteInfo = MotionStreakTest;
		};
		1A8760D315D98305000D6DA5 /* PBXContainerItemProxy */ = {
			isa = PBXContainerItemProxy;
			containerPortal = 1A87602115D98301000D6DA5 /* cocos2d-ios.xcodeproj */;
			proxyType = 2;
			remoteGlobalIDString = A009431115180C730029A5C6;
			remoteInfo = MultithreadTest;
		};
		1A8760D515D98305000D6DA5 /* PBXContainerItemProxy */ = {
			isa = PBXContainerItemProxy;
			containerPortal = 1A87602115D98301000D6DA5 /* cocos2d-ios.xcodeproj */;
			proxyType = 2;
			remoteGlobalIDString = 506144080E589A2E003CCDB7;
			remoteInfo = NodeTest;
		};
		1A8760D715D98305000D6DA5 /* PBXContainerItemProxy */ = {
			isa = PBXContainerItemProxy;
			containerPortal = 1A87602115D98301000D6DA5 /* cocos2d-ios.xcodeproj */;
			proxyType = 2;
			remoteGlobalIDString = 50C195600EE4B57E00829067;
			remoteInfo = ParallaxTest;
		};
		1A8760D915D98305000D6DA5 /* PBXContainerItemProxy */ = {
			isa = PBXContainerItemProxy;
			containerPortal = 1A87602115D98301000D6DA5 /* cocos2d-ios.xcodeproj */;
			proxyType = 2;
			remoteGlobalIDString = 50DB1BCA0E1C1E5900A89DFF;
			remoteInfo = ParticleTest;
		};
		1A8760DB15D98305000D6DA5 /* PBXContainerItemProxy */ = {
			isa = PBXContainerItemProxy;
			containerPortal = 1A87602115D98301000D6DA5 /* cocos2d-ios.xcodeproj */;
			proxyType = 2;
			remoteGlobalIDString = 501504ED11330E1700A9CA65;
			remoteInfo = ActionsProgressTest;
		};
		1A8760DD15D98305000D6DA5 /* PBXContainerItemProxy */ = {
			isa = PBXContainerItemProxy;
			containerPortal = 1A87602115D98301000D6DA5 /* cocos2d-ios.xcodeproj */;
			proxyType = 2;
			remoteGlobalIDString = 495E73F7104B74E20012BB52;
			remoteInfo = RenderTextureTest;
		};
		1A8760DF15D98305000D6DA5 /* PBXContainerItemProxy */ = {
			isa = PBXContainerItemProxy;
			containerPortal = 1A87602115D98301000D6DA5 /* cocos2d-ios.xcodeproj */;
			proxyType = 2;
			remoteGlobalIDString = 502C66180DFEFCCA00E4107D;
			remoteInfo = RotateWorldTest;
		};
		1A8760E115D98305000D6DA5 /* PBXContainerItemProxy */ = {
			isa = PBXContainerItemProxy;
			containerPortal = 1A87602115D98301000D6DA5 /* cocos2d-ios.xcodeproj */;
			proxyType = 2;
			remoteGlobalIDString = 506C800E0E041C9300B48100;
			remoteInfo = SceneTest;
		};
		1A8760E315D98305000D6DA5 /* PBXContainerItemProxy */ = {
			isa = PBXContainerItemProxy;
			containerPortal = 1A87602115D98301000D6DA5 /* cocos2d-ios.xcodeproj */;
			proxyType = 2;
			remoteGlobalIDString = 508CA7DA1193270F003AC397;
			remoteInfo = SchedulerTest;
		};
		1A8760E515D98305000D6DA5 /* PBXContainerItemProxy */ = {
			isa = PBXContainerItemProxy;
			containerPortal = 1A87602115D98301000D6DA5 /* cocos2d-ios.xcodeproj */;
			proxyType = 2;
			remoteGlobalIDString = E03A4F691355041F00D4B515;
			remoteInfo = ShaderTest;
		};
		1A8760E715D98305000D6DA5 /* PBXContainerItemProxy */ = {
			isa = PBXContainerItemProxy;
			containerPortal = 1A87602115D98301000D6DA5 /* cocos2d-ios.xcodeproj */;
			proxyType = 2;
			remoteGlobalIDString = 501C7C910F91EFFF0024A296;
			remoteInfo = SpriteTest;
		};
		1A8760E915D98305000D6DA5 /* PBXContainerItemProxy */ = {
			isa = PBXContainerItemProxy;
			containerPortal = 1A87602115D98301000D6DA5 /* cocos2d-ios.xcodeproj */;
			proxyType = 2;
			remoteGlobalIDString = 505B62D60F2E6A0F001B4104;
			remoteInfo = Texture2dTest;
		};
		1A8760EB15D98305000D6DA5 /* PBXContainerItemProxy */ = {
			isa = PBXContainerItemProxy;
			containerPortal = 1A87602115D98301000D6DA5 /* cocos2d-ios.xcodeproj */;
			proxyType = 2;
			remoteGlobalIDString = 503F5CBE101FE930002A37E5;
			remoteInfo = TileMapTest;
		};
		1A8760ED15D98305000D6DA5 /* PBXContainerItemProxy */ = {
			isa = PBXContainerItemProxy;
			containerPortal = 1A87602115D98301000D6DA5 /* cocos2d-ios.xcodeproj */;
			proxyType = 2;
			remoteGlobalIDString = 5012DD3B0FE2994300D6DDD1;
			remoteInfo = TouchesTest;
		};
		1A8760EF15D98305000D6DA5 /* PBXContainerItemProxy */ = {
			isa = PBXContainerItemProxy;
			containerPortal = 1A87602115D98301000D6DA5 /* cocos2d-ios.xcodeproj */;
			proxyType = 2;
			remoteGlobalIDString = 50C938E00E0A9DBB00517B01;
			remoteInfo = TransitionsTest;
		};
		1A8760F115D98305000D6DA5 /* PBXContainerItemProxy */ = {
			isa = PBXContainerItemProxy;
			containerPortal = 1A87602115D98301000D6DA5 /* cocos2d-ios.xcodeproj */;
			proxyType = 2;
			remoteGlobalIDString = E0C5588611FE48E600B9E4CB;
			remoteInfo = ZwoptexTest;
		};
		1A8760F315D98305000D6DA5 /* PBXContainerItemProxy */ = {
			isa = PBXContainerItemProxy;
			containerPortal = 1A87602115D98301000D6DA5 /* cocos2d-ios.xcodeproj */;
			proxyType = 2;
			remoteGlobalIDString = 507FF8F2116D16F600B6FAB2;
			remoteInfo = Bug350;
		};
		1A8760F515D98305000D6DA5 /* PBXContainerItemProxy */ = {
			isa = PBXContainerItemProxy;
			containerPortal = 1A87602115D98301000D6DA5 /* cocos2d-ios.xcodeproj */;
			proxyType = 2;
			remoteGlobalIDString = 50CB34DD100765EF00B7A750;
			remoteInfo = Bug422;
		};
		1A8760F715D98305000D6DA5 /* PBXContainerItemProxy */ = {
			isa = PBXContainerItemProxy;
			containerPortal = 1A87602115D98301000D6DA5 /* cocos2d-ios.xcodeproj */;
			proxyType = 2;
			remoteGlobalIDString = E037DA4C1281C7F0003D39D7;
			remoteInfo = Bug458;
		};
		1A8760F915D98305000D6DA5 /* PBXContainerItemProxy */ = {
			isa = PBXContainerItemProxy;
			containerPortal = 1A87602115D98301000D6DA5 /* cocos2d-ios.xcodeproj */;
			proxyType = 2;
			remoteGlobalIDString = E02BC2CD1270E489006E46A2;
			remoteInfo = Bug624;
		};
		1A8760FB15D98305000D6DA5 /* PBXContainerItemProxy */ = {
			isa = PBXContainerItemProxy;
			containerPortal = 1A87602115D98301000D6DA5 /* cocos2d-ios.xcodeproj */;
			proxyType = 2;
			remoteGlobalIDString = 50CBA48711CBD6FB007B009D;
			remoteInfo = Bug886;
		};
		1A8760FD15D98305000D6DA5 /* PBXContainerItemProxy */ = {
			isa = PBXContainerItemProxy;
			containerPortal = 1A87602115D98301000D6DA5 /* cocos2d-ios.xcodeproj */;
			proxyType = 2;
			remoteGlobalIDString = 507C0F0B11D609290075E747;
			remoteInfo = Bug899;
		};
		1A8760FF15D98305000D6DA5 /* PBXContainerItemProxy */ = {
			isa = PBXContainerItemProxy;
			containerPortal = 1A87602115D98301000D6DA5 /* cocos2d-ios.xcodeproj */;
			proxyType = 2;
			remoteGlobalIDString = 502BF56911E39CC30030C477;
			remoteInfo = Bug914;
		};
		1A87610115D98305000D6DA5 /* PBXContainerItemProxy */ = {
			isa = PBXContainerItemProxy;
			containerPortal = 1A87602115D98301000D6DA5 /* cocos2d-ios.xcodeproj */;
			proxyType = 2;
			remoteGlobalIDString = E0EA56A5134B9CA800F212C8;
			remoteInfo = Bug1159;
		};
		1A87610315D9831F000D6DA5 /* PBXContainerItemProxy */ = {
			isa = PBXContainerItemProxy;
			containerPortal = 1A87602115D98301000D6DA5 /* cocos2d-ios.xcodeproj */;
			proxyType = 1;
			remoteGlobalIDString = 5018F24C0DFDEAC400C013A5;
			remoteInfo = cocos2d;
		};
		1A87610615D98352000D6DA5 /* PBXContainerItemProxy */ = {
			isa = PBXContainerItemProxy;
			containerPortal = 1A87602115D98301000D6DA5 /* cocos2d-ios.xcodeproj */;
			proxyType = 1;
			remoteGlobalIDString = 50CB2FC91004C8B100B7A750;
			remoteInfo = CocosDenshion;
		};
/* End PBXContainerItemProxy section */

/* Begin PBXFileReference section */
		1A87602115D98301000D6DA5 /* cocos2d-ios.xcodeproj */ = {isa = PBXFileReference; lastKnownFileType = "wrapper.pb-project"; name = "cocos2d-ios.xcodeproj"; path = "lib/cocos2d/cocos2d-ios.xcodeproj"; sourceTree = SOURCE_ROOT; };
		1A8761EB15D98523000D6DA5 /* AppDelegate.h */ = {isa = PBXFileReference; lastKnownFileType = sourcecode.c.h; path = AppDelegate.h; sourceTree = "<group>"; };
		1A8761EC15D98523000D6DA5 /* AppDelegate.m */ = {isa = PBXFileReference; lastKnownFileType = sourcecode.c.objc; path = AppDelegate.m; sourceTree = "<group>"; };
		C4A0C4AC156E9DFC00E0B7AA /* ResourceLoaderTest.app */ = {isa = PBXFileReference; explicitFileType = wrapper.application; includeInIndex = 0; path = ResourceLoaderTest.app; sourceTree = BUILT_PRODUCTS_DIR; };
		C4A0C4B0156E9DFC00E0B7AA /* QuartzCore.framework */ = {isa = PBXFileReference; lastKnownFileType = wrapper.framework; name = QuartzCore.framework; path = System/Library/Frameworks/QuartzCore.framework; sourceTree = SDKROOT; };
		C4A0C4B2156E9DFC00E0B7AA /* OpenGLES.framework */ = {isa = PBXFileReference; lastKnownFileType = wrapper.framework; name = OpenGLES.framework; path = System/Library/Frameworks/OpenGLES.framework; sourceTree = SDKROOT; };
		C4A0C4B4156E9DFC00E0B7AA /* OpenAL.framework */ = {isa = PBXFileReference; lastKnownFileType = wrapper.framework; name = OpenAL.framework; path = System/Library/Frameworks/OpenAL.framework; sourceTree = SDKROOT; };
		C4A0C4B6156E9DFC00E0B7AA /* AudioToolbox.framework */ = {isa = PBXFileReference; lastKnownFileType = wrapper.framework; name = AudioToolbox.framework; path = System/Library/Frameworks/AudioToolbox.framework; sourceTree = SDKROOT; };
		C4A0C4B8156E9DFC00E0B7AA /* AVFoundation.framework */ = {isa = PBXFileReference; lastKnownFileType = wrapper.framework; name = AVFoundation.framework; path = System/Library/Frameworks/AVFoundation.framework; sourceTree = SDKROOT; };
		C4A0C4BA156E9DFC00E0B7AA /* UIKit.framework */ = {isa = PBXFileReference; lastKnownFileType = wrapper.framework; name = UIKit.framework; path = System/Library/Frameworks/UIKit.framework; sourceTree = SDKROOT; };
		C4A0C4BC156E9DFC00E0B7AA /* Foundation.framework */ = {isa = PBXFileReference; lastKnownFileType = wrapper.framework; name = Foundation.framework; path = System/Library/Frameworks/Foundation.framework; sourceTree = SDKROOT; };
		C4A0C4BE156E9DFC00E0B7AA /* CoreGraphics.framework */ = {isa = PBXFileReference; lastKnownFileType = wrapper.framework; name = CoreGraphics.framework; path = System/Library/Frameworks/CoreGraphics.framework; sourceTree = SDKROOT; };
		C4A0C4C2156E9DFC00E0B7AA /* Default.png */ = {isa = PBXFileReference; lastKnownFileType = image.png; name = Default.png; path = Resources/Default.png; sourceTree = "<group>"; };
		C4A0C4C4156E9DFC00E0B7AA /* fps_images.png */ = {isa = PBXFileReference; lastKnownFileType = image.png; name = fps_images.png; path = Resources/fps_images.png; sourceTree = "<group>"; };
		C4A0C4C6156E9DFC00E0B7AA /* Icon-72.png */ = {isa = PBXFileReference; lastKnownFileType = image.png; name = "Icon-72.png"; path = "Resources/Icon-72.png"; sourceTree = "<group>"; };
		C4A0C4C8156E9DFC00E0B7AA /* Icon-Small-50.png */ = {isa = PBXFileReference; lastKnownFileType = image.png; name = "Icon-Small-50.png"; path = "Resources/Icon-Small-50.png"; sourceTree = "<group>"; };
		C4A0C4CA156E9DFC00E0B7AA /* Icon-Small.png */ = {isa = PBXFileReference; lastKnownFileType = image.png; name = "Icon-Small.png"; path = "Resources/Icon-Small.png"; sourceTree = "<group>"; };
		C4A0C4CC156E9DFC00E0B7AA /* Icon-Small@2x.png */ = {isa = PBXFileReference; lastKnownFileType = image.png; name = "Icon-Small@2x.png"; path = "Resources/Icon-Small@2x.png"; sourceTree = "<group>"; };
		C4A0C4CE156E9DFC00E0B7AA /* Icon.png */ = {isa = PBXFileReference; lastKnownFileType = image.png; name = Icon.png; path = Resources/Icon.png; sourceTree = "<group>"; };
		C4A0C4D0156E9DFC00E0B7AA /* Icon@2x.png */ = {isa = PBXFileReference; lastKnownFileType = image.png; name = "Icon@2x.png"; path = "Resources/Icon@2x.png"; sourceTree = "<group>"; };
		C4A0C4D2156E9DFC00E0B7AA /* Info.plist */ = {isa = PBXFileReference; lastKnownFileType = text.plist.xml; name = Info.plist; path = Resources/Info.plist; sourceTree = "<group>"; };
		C4A0C4D3156E9DFC00E0B7AA /* iTunesArtwork */ = {isa = PBXFileReference; lastKnownFileType = file; name = iTunesArtwork; path = Resources/iTunesArtwork; sourceTree = "<group>"; };
		C4A0C60F156E9DFF00E0B7AA /* Prefix.pch */ = {isa = PBXFileReference; lastKnownFileType = sourcecode.c.h; path = Prefix.pch; sourceTree = "<group>"; };
		C4A0C610156E9DFF00E0B7AA /* main.m */ = {isa = PBXFileReference; lastKnownFileType = sourcecode.c.objc; path = main.m; sourceTree = "<group>"; };
		C4A0C622156E9E5C00E0B7AA /* NSThread+BlockExtensions.h */ = {isa = PBXFileReference; fileEncoding = 4; lastKnownFileType = sourcecode.c.h; path = "NSThread+BlockExtensions.h"; sourceTree = "<group>"; };
		C4A0C623156E9E5C00E0B7AA /* ResourcesLoader.h */ = {isa = PBXFileReference; fileEncoding = 4; lastKnownFileType = sourcecode.c.h; path = ResourcesLoader.h; sourceTree = "<group>"; };
		C4A0C624156E9E5C00E0B7AA /* NSThread+BlockExtensions.m */ = {isa = PBXFileReference; fileEncoding = 4; lastKnownFileType = sourcecode.c.objc; path = "NSThread+BlockExtensions.m"; sourceTree = "<group>"; };
		C4A0C625156E9E5C00E0B7AA /* ResourcesLoader.m */ = {isa = PBXFileReference; fileEncoding = 4; lastKnownFileType = sourcecode.c.objc; path = ResourcesLoader.m; sourceTree = "<group>"; };
		C4A0C628156E9E6B00E0B7AA /* collect.wav */ = {isa = PBXFileReference; lastKnownFileType = audio.wav; path = collect.wav; sourceTree = "<group>"; };
		C4A0C629156E9E6B00E0B7AA /* jump.wav */ = {isa = PBXFileReference; lastKnownFileType = audio.wav; path = jump.wav; sourceTree = "<group>"; };
		C4A0C62C156E9F0C00E0B7AA /* HelloWorldScene.h */ = {isa = PBXFileReference; fileEncoding = 4; lastKnownFileType = sourcecode.c.h; path = HelloWorldScene.h; sourceTree = "<group>"; };
		C4A0C62D156E9F0C00E0B7AA /* HelloWorldScene.m */ = {isa = PBXFileReference; fileEncoding = 4; lastKnownFileType = sourcecode.c.objc; path = HelloWorldScene.m; sourceTree = "<group>"; };
/* End PBXFileReference section */

/* Begin PBXFrameworksBuildPhase section */
		C4A0C4A9156E9DFC00E0B7AA /* Frameworks */ = {
			isa = PBXFrameworksBuildPhase;
			buildActionMask = 2147483647;
			files = (
				1A87610815D98359000D6DA5 /* libCocosDenshion.a in Frameworks */,
				1A87610515D9832A000D6DA5 /* libcocos2d.a in Frameworks */,
				C4A0C4B1156E9DFC00E0B7AA /* QuartzCore.framework in Frameworks */,
				C4A0C4B3156E9DFC00E0B7AA /* OpenGLES.framework in Frameworks */,
				C4A0C4B5156E9DFC00E0B7AA /* OpenAL.framework in Frameworks */,
				C4A0C4B7156E9DFC00E0B7AA /* AudioToolbox.framework in Frameworks */,
				C4A0C4B9156E9DFC00E0B7AA /* AVFoundation.framework in Frameworks */,
				C4A0C4BB156E9DFC00E0B7AA /* UIKit.framework in Frameworks */,
				C4A0C4BD156E9DFC00E0B7AA /* Foundation.framework in Frameworks */,
				C4A0C4BF156E9DFC00E0B7AA /* CoreGraphics.framework in Frameworks */,
			);
			runOnlyForDeploymentPostprocessing = 0;
		};
/* End PBXFrameworksBuildPhase section */

/* Begin PBXGroup section */
		1A87602215D98301000D6DA5 /* Products */ = {
			isa = PBXGroup;
			children = (
				1A87609215D98305000D6DA5 /* libbuild all tests.a */,
				1A87609415D98305000D6DA5 /* libbox2d.a */,
				1A87609615D98305000D6DA5 /* libChipmunk.a */,
				1A87609815D98305000D6DA5 /* libcocos2d.a */,
				1A87609A15D98305000D6DA5 /* libcocos2d-documentation.a */,
				1A87609C15D98305000D6DA5 /* libCocosDenshion.a */,
				1A87609E15D98305000D6DA5 /* libkazmath.a */,
				1A8760A015D98305000D6DA5 /* liblibpng.a */,
				1A8760A215D98305000D6DA5 /* ActionManagerTest.app */,
				1A8760A415D98305000D6DA5 /* ActionsTest.app */,
				1A8760A615D98305000D6DA5 /* ActionsWithBlocksSample.app */,
				1A8760A815D98305000D6DA5 /* AttachTest.app */,
				1A8760AA15D98305000D6DA5 /* Box2dAccelTouchTest.app */,
				1A8760AC15D98305000D6DA5 /* Box2dTestBed.app */,
				1A8760AE15D98305000D6DA5 /* ChipmunkAccelTouchTest.app */,
				1A8760B015D98305000D6DA5 /* ClickAndMoveTest.app */,
				1A8760B215D98305000D6DA5 /* CocosDenshion - Tom The Turret.app */,
				1A8760B415D98305000D6DA5 /* CocosDenshion - Drum Pad.app */,
				1A8760B615D98305000D6DA5 /* CocosDenshion - Fade To Grey.app */,
				1A8760B815D98305000D6DA5 /* CocosDenshion - FancyRat Metering Demo.app */,
				1A8760BA15D98305000D6DA5 /* DirectorTest.app */,
				1A8760BC15D98305000D6DA5 /* drawPrimitivesTest.app */,
				1A8760BE15D98305000D6DA5 /* EAGLViewTest.app */,
				1A8760C015D98305000D6DA5 /* ActionsEaseTest.app */,
				1A8760C215D98305000D6DA5 /* EffectsTest.app */,
				1A8760C415D98305000D6DA5 /* EffectsAdvancedTest.app */,
				1A8760C615D98305000D6DA5 /* FileUtilsTest.app */,
				1A8760C815D98305000D6DA5 /* FontTest.app */,
				1A8760CA15D98305000D6DA5 /* IntervalTest.app */,
				1A8760CC15D98305000D6DA5 /* LabelTest.app */,
				1A8760CE15D98305000D6DA5 /* LayerTest.app */,
				1A8760D015D98305000D6DA5 /* MenuTest.app */,
				1A8760D215D98305000D6DA5 /* MotionStreakTest.app */,
				1A8760D415D98305000D6DA5 /* MultithreadTest.app */,
				1A8760D615D98305000D6DA5 /* cocosnodeTest.app */,
				1A8760D815D98305000D6DA5 /* ParallaxTest.app */,
				1A8760DA15D98305000D6DA5 /* ParticleTest.app */,
				1A8760DC15D98305000D6DA5 /* ActionsProgressTest.app */,
				1A8760DE15D98305000D6DA5 /* RenderTextureTest.app */,
				1A8760E015D98305000D6DA5 /* RotateWorldTest.app */,
				1A8760E215D98305000D6DA5 /* SceneTest.app */,
				1A8760E415D98305000D6DA5 /* SchedulerTest.app */,
				1A8760E615D98305000D6DA5 /* ShaderTest.app */,
				1A8760E815D98305000D6DA5 /* SpriteTest.app */,
				1A8760EA15D98305000D6DA5 /* Texture2dTest.app */,
				1A8760EC15D98305000D6DA5 /* TileMapTest.app */,
				1A8760EE15D98305000D6DA5 /* TouchesTest.app */,
				1A8760F015D98305000D6DA5 /* TransitionsTest.app */,
				1A8760F215D98305000D6DA5 /* ZwoptexTest.app */,
				1A8760F415D98305000D6DA5 /* Bug350.app */,
				1A8760F615D98305000D6DA5 /* Bug422.app */,
				1A8760F815D98305000D6DA5 /* Bug458.app */,
				1A8760FA15D98305000D6DA5 /* Bug624.app */,
				1A8760FC15D98305000D6DA5 /* Bug886.app */,
				1A8760FE15D98305000D6DA5 /* Bug899.app */,
				1A87610015D98305000D6DA5 /* Bug914.app */,
				1A87610215D98305000D6DA5 /* Bug1159.app */,
			);
			name = Products;
			sourceTree = "<group>";
		};
		C4A0C4A1156E9DFC00E0B7AA = {
			isa = PBXGroup;
			children = (
				C4A0C4C0156E9DFC00E0B7AA /* ResourceLoaderTest */,
				C4A0C4AF156E9DFC00E0B7AA /* Frameworks */,
				C4A0C4AD156E9DFC00E0B7AA /* Products */,
			);
			sourceTree = "<group>";
		};
		C4A0C4AD156E9DFC00E0B7AA /* Products */ = {
			isa = PBXGroup;
			children = (
				C4A0C4AC156E9DFC00E0B7AA /* ResourceLoaderTest.app */,
			);
			name = Products;
			sourceTree = "<group>";
		};
		C4A0C4AF156E9DFC00E0B7AA /* Frameworks */ = {
			isa = PBXGroup;
			children = (
				C4A0C4B0156E9DFC00E0B7AA /* QuartzCore.framework */,
				C4A0C4B2156E9DFC00E0B7AA /* OpenGLES.framework */,
				C4A0C4B4156E9DFC00E0B7AA /* OpenAL.framework */,
				C4A0C4B6156E9DFC00E0B7AA /* AudioToolbox.framework */,
				C4A0C4B8156E9DFC00E0B7AA /* AVFoundation.framework */,
				C4A0C4BA156E9DFC00E0B7AA /* UIKit.framework */,
				C4A0C4BC156E9DFC00E0B7AA /* Foundation.framework */,
				C4A0C4BE156E9DFC00E0B7AA /* CoreGraphics.framework */,
			);
			name = Frameworks;
			sourceTree = "<group>";
		};
		C4A0C4C0156E9DFC00E0B7AA /* ResourceLoaderTest */ = {
			isa = PBXGroup;
			children = (
				C4A0C621156E9E4800E0B7AA /* ResourcesLoader */,
				1A8761EB15D98523000D6DA5 /* AppDelegate.h */,
				1A8761EC15D98523000D6DA5 /* AppDelegate.m */,
				C4A0C62C156E9F0C00E0B7AA /* HelloWorldScene.h */,
				C4A0C62D156E9F0C00E0B7AA /* HelloWorldScene.m */,
				C4A0C4C1156E9DFC00E0B7AA /* Resources */,
				C4A0C4D5156E9DFC00E0B7AA /* lib */,
				C4A0C60E156E9DFF00E0B7AA /* Supporting Files */,
			);
			path = ResourceLoaderTest;
			sourceTree = "<group>";
		};
		C4A0C4C1156E9DFC00E0B7AA /* Resources */ = {
			isa = PBXGroup;
			children = (
				C4A0C628156E9E6B00E0B7AA /* collect.wav */,
				C4A0C629156E9E6B00E0B7AA /* jump.wav */,
				C4A0C4C2156E9DFC00E0B7AA /* Default.png */,
				C4A0C4C4156E9DFC00E0B7AA /* fps_images.png */,
				C4A0C4C6156E9DFC00E0B7AA /* Icon-72.png */,
				C4A0C4C8156E9DFC00E0B7AA /* Icon-Small-50.png */,
				C4A0C4CA156E9DFC00E0B7AA /* Icon-Small.png */,
				C4A0C4CC156E9DFC00E0B7AA /* Icon-Small@2x.png */,
				C4A0C4CE156E9DFC00E0B7AA /* Icon.png */,
				C4A0C4D0156E9DFC00E0B7AA /* Icon@2x.png */,
				C4A0C4D2156E9DFC00E0B7AA /* Info.plist */,
				C4A0C4D3156E9DFC00E0B7AA /* iTunesArtwork */,
			);
			name = Resources;
			sourceTree = "<group>";
		};
		C4A0C4D5156E9DFC00E0B7AA /* lib */ = {
			isa = PBXGroup;
			children = (
				1A87602115D98301000D6DA5 /* cocos2d-ios.xcodeproj */,
			);
			name = lib;
			sourceTree = "<group>";
		};
		C4A0C60E156E9DFF00E0B7AA /* Supporting Files */ = {
			isa = PBXGroup;
			children = (
				C4A0C60F156E9DFF00E0B7AA /* Prefix.pch */,
				C4A0C610156E9DFF00E0B7AA /* main.m */,
			);
			name = "Supporting Files";
			sourceTree = "<group>";
		};
		C4A0C621156E9E4800E0B7AA /* ResourcesLoader */ = {
			isa = PBXGroup;
			children = (
				C4A0C622156E9E5C00E0B7AA /* NSThread+BlockExtensions.h */,
				C4A0C623156E9E5C00E0B7AA /* ResourcesLoader.h */,
				C4A0C624156E9E5C00E0B7AA /* NSThread+BlockExtensions.m */,
				C4A0C625156E9E5C00E0B7AA /* ResourcesLoader.m */,
			);
			name = ResourcesLoader;
			sourceTree = "<group>";
		};
/* End PBXGroup section */

/* Begin PBXNativeTarget section */
		C4A0C4AB156E9DFC00E0B7AA /* ResourceLoaderTest */ = {
			isa = PBXNativeTarget;
			buildConfigurationList = C4A0C61E156E9DFF00E0B7AA /* Build configuration list for PBXNativeTarget "ResourceLoaderTest" */;
			buildPhases = (
				C4A0C4A8156E9DFC00E0B7AA /* Sources */,
				C4A0C4A9156E9DFC00E0B7AA /* Frameworks */,
				C4A0C4AA156E9DFC00E0B7AA /* Resources */,
			);
			buildRules = (
			);
			dependencies = (
				1A87610715D98352000D6DA5 /* PBXTargetDependency */,
				1A87610415D9831F000D6DA5 /* PBXTargetDependency */,
			);
			name = ResourceLoaderTest;
			productName = ResourceLoaderTest;
			productReference = C4A0C4AC156E9DFC00E0B7AA /* ResourceLoaderTest.app */;
			productType = "com.apple.product-type.application";
		};
/* End PBXNativeTarget section */

/* Begin PBXProject section */
		C4A0C4A3156E9DFC00E0B7AA /* Project object */ = {
			isa = PBXProject;
			attributes = {
				LastUpgradeCheck = 0420;
				ORGANIZATIONNAME = GrupoW;
			};
			buildConfigurationList = C4A0C4A6156E9DFC00E0B7AA /* Build configuration list for PBXProject "ResourceLoaderTest" */;
			compatibilityVersion = "Xcode 3.2";
			developmentRegion = English;
			hasScannedForEncodings = 0;
			knownRegions = (
				en,
			);
			mainGroup = C4A0C4A1156E9DFC00E0B7AA;
			productRefGroup = C4A0C4AD156E9DFC00E0B7AA /* Products */;
			projectDirPath = "";
			projectReferences = (
				{
					ProductGroup = 1A87602215D98301000D6DA5 /* Products */;
					ProjectRef = 1A87602115D98301000D6DA5 /* cocos2d-ios.xcodeproj */;
				},
			);
			projectRoot = "";
			targets = (
				C4A0C4AB156E9DFC00E0B7AA /* ResourceLoaderTest */,
			);
		};
/* End PBXProject section */

/* Begin PBXReferenceProxy section */
		1A87609215D98305000D6DA5 /* libbuild all tests.a */ = {
			isa = PBXReferenceProxy;
			fileType = archive.ar;
			path = "libbuild all tests.a";
			remoteRef = 1A87609115D98305000D6DA5 /* PBXContainerItemProxy */;
			sourceTree = BUILT_PRODUCTS_DIR;
		};
		1A87609415D98305000D6DA5 /* libbox2d.a */ = {
			isa = PBXReferenceProxy;
			fileType = archive.ar;
			path = libbox2d.a;
			remoteRef = 1A87609315D98305000D6DA5 /* PBXContainerItemProxy */;
			sourceTree = BUILT_PRODUCTS_DIR;
		};
		1A87609615D98305000D6DA5 /* libChipmunk.a */ = {
			isa = PBXReferenceProxy;
			fileType = archive.ar;
			path = libChipmunk.a;
			remoteRef = 1A87609515D98305000D6DA5 /* PBXContainerItemProxy */;
			sourceTree = BUILT_PRODUCTS_DIR;
		};
		1A87609815D98305000D6DA5 /* libcocos2d.a */ = {
			isa = PBXReferenceProxy;
			fileType = archive.ar;
			path = libcocos2d.a;
			remoteRef = 1A87609715D98305000D6DA5 /* PBXContainerItemProxy */;
			sourceTree = BUILT_PRODUCTS_DIR;
		};
		1A87609A15D98305000D6DA5 /* libcocos2d-documentation.a */ = {
			isa = PBXReferenceProxy;
			fileType = archive.ar;
			path = "libcocos2d-documentation.a";
			remoteRef = 1A87609915D98305000D6DA5 /* PBXContainerItemProxy */;
			sourceTree = BUILT_PRODUCTS_DIR;
		};
		1A87609C15D98305000D6DA5 /* libCocosDenshion.a */ = {
			isa = PBXReferenceProxy;
			fileType = archive.ar;
			path = libCocosDenshion.a;
			remoteRef = 1A87609B15D98305000D6DA5 /* PBXContainerItemProxy */;
			sourceTree = BUILT_PRODUCTS_DIR;
		};
		1A87609E15D98305000D6DA5 /* libkazmath.a */ = {
			isa = PBXReferenceProxy;
			fileType = archive.ar;
			path = libkazmath.a;
			remoteRef = 1A87609D15D98305000D6DA5 /* PBXContainerItemProxy */;
			sourceTree = BUILT_PRODUCTS_DIR;
		};
		1A8760A015D98305000D6DA5 /* liblibpng.a */ = {
			isa = PBXReferenceProxy;
			fileType = archive.ar;
			path = liblibpng.a;
			remoteRef = 1A87609F15D98305000D6DA5 /* PBXContainerItemProxy */;
			sourceTree = BUILT_PRODUCTS_DIR;
		};
		1A8760A215D98305000D6DA5 /* ActionManagerTest.app */ = {
			isa = PBXReferenceProxy;
			fileType = wrapper.application;
			path = ActionManagerTest.app;
			remoteRef = 1A8760A115D98305000D6DA5 /* PBXContainerItemProxy */;
			sourceTree = BUILT_PRODUCTS_DIR;
		};
		1A8760A415D98305000D6DA5 /* ActionsTest.app */ = {
			isa = PBXReferenceProxy;
			fileType = wrapper.application;
			path = ActionsTest.app;
			remoteRef = 1A8760A315D98305000D6DA5 /* PBXContainerItemProxy */;
			sourceTree = BUILT_PRODUCTS_DIR;
		};
		1A8760A615D98305000D6DA5 /* ActionsWithBlocksSample.app */ = {
			isa = PBXReferenceProxy;
			fileType = wrapper.application;
			path = ActionsWithBlocksSample.app;
			remoteRef = 1A8760A515D98305000D6DA5 /* PBXContainerItemProxy */;
			sourceTree = BUILT_PRODUCTS_DIR;
		};
		1A8760A815D98305000D6DA5 /* AttachTest.app */ = {
			isa = PBXReferenceProxy;
			fileType = wrapper.application;
			path = AttachTest.app;
			remoteRef = 1A8760A715D98305000D6DA5 /* PBXContainerItemProxy */;
			sourceTree = BUILT_PRODUCTS_DIR;
		};
		1A8760AA15D98305000D6DA5 /* Box2dAccelTouchTest.app */ = {
			isa = PBXReferenceProxy;
			fileType = wrapper.application;
			path = Box2dAccelTouchTest.app;
			remoteRef = 1A8760A915D98305000D6DA5 /* PBXContainerItemProxy */;
			sourceTree = BUILT_PRODUCTS_DIR;
		};
		1A8760AC15D98305000D6DA5 /* Box2dTestBed.app */ = {
			isa = PBXReferenceProxy;
			fileType = wrapper.application;
			path = Box2dTestBed.app;
			remoteRef = 1A8760AB15D98305000D6DA5 /* PBXContainerItemProxy */;
			sourceTree = BUILT_PRODUCTS_DIR;
		};
		1A8760AE15D98305000D6DA5 /* ChipmunkAccelTouchTest.app */ = {
			isa = PBXReferenceProxy;
			fileType = wrapper.application;
			path = ChipmunkAccelTouchTest.app;
			remoteRef = 1A8760AD15D98305000D6DA5 /* PBXContainerItemProxy */;
			sourceTree = BUILT_PRODUCTS_DIR;
		};
		1A8760B015D98305000D6DA5 /* ClickAndMoveTest.app */ = {
			isa = PBXReferenceProxy;
			fileType = wrapper.application;
			path = ClickAndMoveTest.app;
			remoteRef = 1A8760AF15D98305000D6DA5 /* PBXContainerItemProxy */;
			sourceTree = BUILT_PRODUCTS_DIR;
		};
		1A8760B215D98305000D6DA5 /* CocosDenshion - Tom The Turret.app */ = {
			isa = PBXReferenceProxy;
			fileType = wrapper.application;
			path = "CocosDenshion - Tom The Turret.app";
			remoteRef = 1A8760B115D98305000D6DA5 /* PBXContainerItemProxy */;
			sourceTree = BUILT_PRODUCTS_DIR;
		};
		1A8760B415D98305000D6DA5 /* CocosDenshion - Drum Pad.app */ = {
			isa = PBXReferenceProxy;
			fileType = wrapper.application;
			path = "CocosDenshion - Drum Pad.app";
			remoteRef = 1A8760B315D98305000D6DA5 /* PBXContainerItemProxy */;
			sourceTree = BUILT_PRODUCTS_DIR;
		};
		1A8760B615D98305000D6DA5 /* CocosDenshion - Fade To Grey.app */ = {
			isa = PBXReferenceProxy;
			fileType = wrapper.application;
			path = "CocosDenshion - Fade To Grey.app";
			remoteRef = 1A8760B515D98305000D6DA5 /* PBXContainerItemProxy */;
			sourceTree = BUILT_PRODUCTS_DIR;
		};
		1A8760B815D98305000D6DA5 /* CocosDenshion - FancyRat Metering Demo.app */ = {
			isa = PBXReferenceProxy;
			fileType = wrapper.application;
			path = "CocosDenshion - FancyRat Metering Demo.app";
			remoteRef = 1A8760B715D98305000D6DA5 /* PBXContainerItemProxy */;
			sourceTree = BUILT_PRODUCTS_DIR;
		};
		1A8760BA15D98305000D6DA5 /* DirectorTest.app */ = {
			isa = PBXReferenceProxy;
			fileType = wrapper.application;
			path = DirectorTest.app;
			remoteRef = 1A8760B915D98305000D6DA5 /* PBXContainerItemProxy */;
			sourceTree = BUILT_PRODUCTS_DIR;
		};
		1A8760BC15D98305000D6DA5 /* drawPrimitivesTest.app */ = {
			isa = PBXReferenceProxy;
			fileType = wrapper.application;
			path = drawPrimitivesTest.app;
			remoteRef = 1A8760BB15D98305000D6DA5 /* PBXContainerItemProxy */;
			sourceTree = BUILT_PRODUCTS_DIR;
		};
		1A8760BE15D98305000D6DA5 /* EAGLViewTest.app */ = {
			isa = PBXReferenceProxy;
			fileType = wrapper.application;
			path = EAGLViewTest.app;
			remoteRef = 1A8760BD15D98305000D6DA5 /* PBXContainerItemProxy */;
			sourceTree = BUILT_PRODUCTS_DIR;
		};
		1A8760C015D98305000D6DA5 /* ActionsEaseTest.app */ = {
			isa = PBXReferenceProxy;
			fileType = wrapper.application;
			path = ActionsEaseTest.app;
			remoteRef = 1A8760BF15D98305000D6DA5 /* PBXContainerItemProxy */;
			sourceTree = BUILT_PRODUCTS_DIR;
		};
		1A8760C215D98305000D6DA5 /* EffectsTest.app */ = {
			isa = PBXReferenceProxy;
			fileType = wrapper.application;
			path = EffectsTest.app;
			remoteRef = 1A8760C115D98305000D6DA5 /* PBXContainerItemProxy */;
			sourceTree = BUILT_PRODUCTS_DIR;
		};
		1A8760C415D98305000D6DA5 /* EffectsAdvancedTest.app */ = {
			isa = PBXReferenceProxy;
			fileType = wrapper.application;
			path = EffectsAdvancedTest.app;
			remoteRef = 1A8760C315D98305000D6DA5 /* PBXContainerItemProxy */;
			sourceTree = BUILT_PRODUCTS_DIR;
		};
		1A8760C615D98305000D6DA5 /* FileUtilsTest.app */ = {
			isa = PBXReferenceProxy;
			fileType = wrapper.application;
			path = FileUtilsTest.app;
			remoteRef = 1A8760C515D98305000D6DA5 /* PBXContainerItemProxy */;
			sourceTree = BUILT_PRODUCTS_DIR;
		};
		1A8760C815D98305000D6DA5 /* FontTest.app */ = {
			isa = PBXReferenceProxy;
			fileType = wrapper.application;
			path = FontTest.app;
			remoteRef = 1A8760C715D98305000D6DA5 /* PBXContainerItemProxy */;
			sourceTree = BUILT_PRODUCTS_DIR;
		};
		1A8760CA15D98305000D6DA5 /* IntervalTest.app */ = {
			isa = PBXReferenceProxy;
			fileType = wrapper.application;
			path = IntervalTest.app;
			remoteRef = 1A8760C915D98305000D6DA5 /* PBXContainerItemProxy */;
			sourceTree = BUILT_PRODUCTS_DIR;
		};
		1A8760CC15D98305000D6DA5 /* LabelTest.app */ = {
			isa = PBXReferenceProxy;
			fileType = wrapper.application;
			path = LabelTest.app;
			remoteRef = 1A8760CB15D98305000D6DA5 /* PBXContainerItemProxy */;
			sourceTree = BUILT_PRODUCTS_DIR;
		};
		1A8760CE15D98305000D6DA5 /* LayerTest.app */ = {
			isa = PBXReferenceProxy;
			fileType = wrapper.application;
			path = LayerTest.app;
			remoteRef = 1A8760CD15D98305000D6DA5 /* PBXContainerItemProxy */;
			sourceTree = BUILT_PRODUCTS_DIR;
		};
		1A8760D015D98305000D6DA5 /* MenuTest.app */ = {
			isa = PBXReferenceProxy;
			fileType = wrapper.application;
			path = MenuTest.app;
			remoteRef = 1A8760CF15D98305000D6DA5 /* PBXContainerItemProxy */;
			sourceTree = BUILT_PRODUCTS_DIR;
		};
		1A8760D215D98305000D6DA5 /* MotionStreakTest.app */ = {
			isa = PBXReferenceProxy;
			fileType = wrapper.application;
			path = MotionStreakTest.app;
			remoteRef = 1A8760D115D98305000D6DA5 /* PBXContainerItemProxy */;
			sourceTree = BUILT_PRODUCTS_DIR;
		};
		1A8760D415D98305000D6DA5 /* MultithreadTest.app */ = {
			isa = PBXReferenceProxy;
			fileType = wrapper.application;
			path = MultithreadTest.app;
			remoteRef = 1A8760D315D98305000D6DA5 /* PBXContainerItemProxy */;
			sourceTree = BUILT_PRODUCTS_DIR;
		};
		1A8760D615D98305000D6DA5 /* cocosnodeTest.app */ = {
			isa = PBXReferenceProxy;
			fileType = wrapper.application;
			path = cocosnodeTest.app;
			remoteRef = 1A8760D515D98305000D6DA5 /* PBXContainerItemProxy */;
			sourceTree = BUILT_PRODUCTS_DIR;
		};
		1A8760D815D98305000D6DA5 /* ParallaxTest.app */ = {
			isa = PBXReferenceProxy;
			fileType = wrapper.application;
			path = ParallaxTest.app;
			remoteRef = 1A8760D715D98305000D6DA5 /* PBXContainerItemProxy */;
			sourceTree = BUILT_PRODUCTS_DIR;
		};
		1A8760DA15D98305000D6DA5 /* ParticleTest.app */ = {
			isa = PBXReferenceProxy;
			fileType = wrapper.application;
			path = ParticleTest.app;
			remoteRef = 1A8760D915D98305000D6DA5 /* PBXContainerItemProxy */;
			sourceTree = BUILT_PRODUCTS_DIR;
		};
		1A8760DC15D98305000D6DA5 /* ActionsProgressTest.app */ = {
			isa = PBXReferenceProxy;
			fileType = wrapper.application;
			path = ActionsProgressTest.app;
			remoteRef = 1A8760DB15D98305000D6DA5 /* PBXContainerItemProxy */;
			sourceTree = BUILT_PRODUCTS_DIR;
		};
		1A8760DE15D98305000D6DA5 /* RenderTextureTest.app */ = {
			isa = PBXReferenceProxy;
			fileType = wrapper.application;
			path = RenderTextureTest.app;
			remoteRef = 1A8760DD15D98305000D6DA5 /* PBXContainerItemProxy */;
			sourceTree = BUILT_PRODUCTS_DIR;
		};
		1A8760E015D98305000D6DA5 /* RotateWorldTest.app */ = {
			isa = PBXReferenceProxy;
			fileType = wrapper.application;
			path = RotateWorldTest.app;
			remoteRef = 1A8760DF15D98305000D6DA5 /* PBXContainerItemProxy */;
			sourceTree = BUILT_PRODUCTS_DIR;
		};
		1A8760E215D98305000D6DA5 /* SceneTest.app */ = {
			isa = PBXReferenceProxy;
			fileType = wrapper.application;
			path = SceneTest.app;
			remoteRef = 1A8760E115D98305000D6DA5 /* PBXContainerItemProxy */;
			sourceTree = BUILT_PRODUCTS_DIR;
		};
		1A8760E415D98305000D6DA5 /* SchedulerTest.app */ = {
			isa = PBXReferenceProxy;
			fileType = wrapper.application;
			path = SchedulerTest.app;
			remoteRef = 1A8760E315D98305000D6DA5 /* PBXContainerItemProxy */;
			sourceTree = BUILT_PRODUCTS_DIR;
		};
		1A8760E615D98305000D6DA5 /* ShaderTest.app */ = {
			isa = PBXReferenceProxy;
			fileType = wrapper.application;
			path = ShaderTest.app;
			remoteRef = 1A8760E515D98305000D6DA5 /* PBXContainerItemProxy */;
			sourceTree = BUILT_PRODUCTS_DIR;
		};
		1A8760E815D98305000D6DA5 /* SpriteTest.app */ = {
			isa = PBXReferenceProxy;
			fileType = wrapper.application;
			path = SpriteTest.app;
			remoteRef = 1A8760E715D98305000D6DA5 /* PBXContainerItemProxy */;
			sourceTree = BUILT_PRODUCTS_DIR;
		};
		1A8760EA15D98305000D6DA5 /* Texture2dTest.app */ = {
			isa = PBXReferenceProxy;
			fileType = wrapper.application;
			path = Texture2dTest.app;
			remoteRef = 1A8760E915D98305000D6DA5 /* PBXContainerItemProxy */;
			sourceTree = BUILT_PRODUCTS_DIR;
		};
		1A8760EC15D98305000D6DA5 /* TileMapTest.app */ = {
			isa = PBXReferenceProxy;
			fileType = wrapper.application;
			path = TileMapTest.app;
			remoteRef = 1A8760EB15D98305000D6DA5 /* PBXContainerItemProxy */;
			sourceTree = BUILT_PRODUCTS_DIR;
		};
		1A8760EE15D98305000D6DA5 /* TouchesTest.app */ = {
			isa = PBXReferenceProxy;
			fileType = wrapper.application;
			path = TouchesTest.app;
			remoteRef = 1A8760ED15D98305000D6DA5 /* PBXContainerItemProxy */;
			sourceTree = BUILT_PRODUCTS_DIR;
		};
		1A8760F015D98305000D6DA5 /* TransitionsTest.app */ = {
			isa = PBXReferenceProxy;
			fileType = wrapper.application;
			path = TransitionsTest.app;
			remoteRef = 1A8760EF15D98305000D6DA5 /* PBXContainerItemProxy */;
			sourceTree = BUILT_PRODUCTS_DIR;
		};
		1A8760F215D98305000D6DA5 /* ZwoptexTest.app */ = {
			isa = PBXReferenceProxy;
			fileType = wrapper.application;
			path = ZwoptexTest.app;
			remoteRef = 1A8760F115D98305000D6DA5 /* PBXContainerItemProxy */;
			sourceTree = BUILT_PRODUCTS_DIR;
		};
		1A8760F415D98305000D6DA5 /* Bug350.app */ = {
			isa = PBXReferenceProxy;
			fileType = wrapper.application;
			path = Bug350.app;
			remoteRef = 1A8760F315D98305000D6DA5 /* PBXContainerItemProxy */;
			sourceTree = BUILT_PRODUCTS_DIR;
		};
		1A8760F615D98305000D6DA5 /* Bug422.app */ = {
			isa = PBXReferenceProxy;
			fileType = wrapper.application;
			path = Bug422.app;
			remoteRef = 1A8760F515D98305000D6DA5 /* PBXContainerItemProxy */;
			sourceTree = BUILT_PRODUCTS_DIR;
		};
		1A8760F815D98305000D6DA5 /* Bug458.app */ = {
			isa = PBXReferenceProxy;
			fileType = wrapper.application;
			path = Bug458.app;
			remoteRef = 1A8760F715D98305000D6DA5 /* PBXContainerItemProxy */;
			sourceTree = BUILT_PRODUCTS_DIR;
		};
		1A8760FA15D98305000D6DA5 /* Bug624.app */ = {
			isa = PBXReferenceProxy;
			fileType = wrapper.application;
			path = Bug624.app;
			remoteRef = 1A8760F915D98305000D6DA5 /* PBXContainerItemProxy */;
			sourceTree = BUILT_PRODUCTS_DIR;
		};
		1A8760FC15D98305000D6DA5 /* Bug886.app */ = {
			isa = PBXReferenceProxy;
			fileType = wrapper.application;
			path = Bug886.app;
			remoteRef = 1A8760FB15D98305000D6DA5 /* PBXContainerItemProxy */;
			sourceTree = BUILT_PRODUCTS_DIR;
		};
		1A8760FE15D98305000D6DA5 /* Bug899.app */ = {
			isa = PBXReferenceProxy;
			fileType = wrapper.application;
			path = Bug899.app;
			remoteRef = 1A8760FD15D98305000D6DA5 /* PBXContainerItemProxy */;
			sourceTree = BUILT_PRODUCTS_DIR;
		};
		1A87610015D98305000D6DA5 /* Bug914.app */ = {
			isa = PBXReferenceProxy;
			fileType = wrapper.application;
			path = Bug914.app;
			remoteRef = 1A8760FF15D98305000D6DA5 /* PBXContainerItemProxy */;
			sourceTree = BUILT_PRODUCTS_DIR;
		};
		1A87610215D98305000D6DA5 /* Bug1159.app */ = {
			isa = PBXReferenceProxy;
			fileType = wrapper.application;
			path = Bug1159.app;
			remoteRef = 1A87610115D98305000D6DA5 /* PBXContainerItemProxy */;
			sourceTree = BUILT_PRODUCTS_DIR;
		};
/* End PBXReferenceProxy section */

/* Begin PBXResourcesBuildPhase section */
		C4A0C4AA156E9DFC00E0B7AA /* Resources */ = {
			isa = PBXResourcesBuildPhase;
			buildActionMask = 2147483647;
			files = (
				C4A0C4C3156E9DFC00E0B7AA /* Default.png in Resources */,
				C4A0C4C5156E9DFC00E0B7AA /* fps_images.png in Resources */,
				C4A0C4C7156E9DFC00E0B7AA /* Icon-72.png in Resources */,
				C4A0C4C9156E9DFC00E0B7AA /* Icon-Small-50.png in Resources */,
				C4A0C4CB156E9DFC00E0B7AA /* Icon-Small.png in Resources */,
				C4A0C4CD156E9DFC00E0B7AA /* Icon-Small@2x.png in Resources */,
				C4A0C4CF156E9DFC00E0B7AA /* Icon.png in Resources */,
				C4A0C4D1156E9DFC00E0B7AA /* Icon@2x.png in Resources */,
				C4A0C4D4156E9DFC00E0B7AA /* iTunesArtwork in Resources */,
				C4A0C62A156E9E6B00E0B7AA /* collect.wav in Resources */,
				C4A0C62B156E9E6B00E0B7AA /* jump.wav in Resources */,
			);
			runOnlyForDeploymentPostprocessing = 0;
		};
/* End PBXResourcesBuildPhase section */

/* Begin PBXSourcesBuildPhase section */
		C4A0C4A8156E9DFC00E0B7AA /* Sources */ = {
			isa = PBXSourcesBuildPhase;
			buildActionMask = 2147483647;
			files = (
				1A8761EE15D9860E000D6DA5 /* AppDelegate.m in Sources */,
				C4A0C611156E9DFF00E0B7AA /* main.m in Sources */,
				C4A0C626156E9E5C00E0B7AA /* NSThread+BlockExtensions.m in Sources */,
				C4A0C627156E9E5C00E0B7AA /* ResourcesLoader.m in Sources */,
				C4A0C62E156E9F0C00E0B7AA /* HelloWorldScene.m in Sources */,
			);
			runOnlyForDeploymentPostprocessing = 0;
		};
/* End PBXSourcesBuildPhase section */

/* Begin PBXTargetDependency section */
		1A87610415D9831F000D6DA5 /* PBXTargetDependency */ = {
			isa = PBXTargetDependency;
			name = cocos2d;
			targetProxy = 1A87610315D9831F000D6DA5 /* PBXContainerItemProxy */;
		};
		1A87610715D98352000D6DA5 /* PBXTargetDependency */ = {
			isa = PBXTargetDependency;
			name = CocosDenshion;
			targetProxy = 1A87610615D98352000D6DA5 /* PBXContainerItemProxy */;
		};
/* End PBXTargetDependency section */

/* Begin XCBuildConfiguration section */
		C4A0C61C156E9DFF00E0B7AA /* Debug */ = {
			isa = XCBuildConfiguration;
			buildSettings = {
				ARCHS = "$(ARCHS_STANDARD_32_BIT)";
				"CODE_SIGN_IDENTITY[sdk=iphoneos*]" = "iPhone Developer";
				GCC_C_LANGUAGE_STANDARD = gnu99;
				GCC_OPTIMIZATION_LEVEL = 0;
				GCC_PREPROCESSOR_DEFINITIONS = (
					DEBUG,
					"COCOS2D_DEBUG=1",
				);
				GCC_SYMBOLS_PRIVATE_EXTERN = NO;
				GCC_VERSION = com.apple.compilers.llvmgcc42;
				GCC_WARN_ABOUT_RETURN_TYPE = YES;
				GCC_WARN_UNUSED_VARIABLE = YES;
				IPHONEOS_DEPLOYMENT_TARGET = 5.1;
				SDKROOT = iphoneos;
			};
			name = Debug;
		};
		C4A0C61D156E9DFF00E0B7AA /* Release */ = {
			isa = XCBuildConfiguration;
			buildSettings = {
				ARCHS = "$(ARCHS_STANDARD_32_BIT)";
				"CODE_SIGN_IDENTITY[sdk=iphoneos*]" = "iPhone Developer";
				GCC_C_LANGUAGE_STANDARD = gnu99;
				GCC_PREPROCESSOR_DEFINITIONS = NDEBUG;
				GCC_VERSION = com.apple.compilers.llvmgcc42;
				GCC_WARN_ABOUT_RETURN_TYPE = YES;
				GCC_WARN_UNUSED_VARIABLE = YES;
				IPHONEOS_DEPLOYMENT_TARGET = 5.1;
				OTHER_CFLAGS = "-DNS_BLOCK_ASSERTIONS=1";
				SDKROOT = iphoneos;
			};
			name = Release;
		};
		C4A0C61F156E9DFF00E0B7AA /* Debug */ = {
			isa = XCBuildConfiguration;
			buildSettings = {
				ALWAYS_SEARCH_USER_PATHS = NO;
				COPY_PHASE_STRIP = NO;
				GCC_DYNAMIC_NO_PIC = NO;
				GCC_PRECOMPILE_PREFIX_HEADER = YES;
				GCC_PREFIX_HEADER = ResourceLoaderTest/Prefix.pch;
				"GCC_THUMB_SUPPORT[arch=armv6]" = "";
				GCC_VERSION = com.apple.compilers.llvm.clang.1_0;
				INFOPLIST_FILE = ResourceLoaderTest/Resources/Info.plist;
				OTHER_LDFLAGS = "-lz";
				PRODUCT_NAME = "$(TARGET_NAME)";
				USER_HEADER_SEARCH_PATHS = "lib/cocos2d/**";
				WRAPPER_EXTENSION = app;
			};
			name = Debug;
		};
		C4A0C620156E9DFF00E0B7AA /* Release */ = {
			isa = XCBuildConfiguration;
			buildSettings = {
				ALWAYS_SEARCH_USER_PATHS = NO;
				COPY_PHASE_STRIP = YES;
				GCC_PRECOMPILE_PREFIX_HEADER = YES;
				GCC_PREFIX_HEADER = ResourceLoaderTest/Prefix.pch;
				"GCC_THUMB_SUPPORT[arch=armv6]" = "";
				GCC_VERSION = com.apple.compilers.llvm.clang.1_0;
				INFOPLIST_FILE = ResourceLoaderTest/Resources/Info.plist;
				OTHER_LDFLAGS = "-lz";
				PRODUCT_NAME = "$(TARGET_NAME)";
				USER_HEADER_SEARCH_PATHS = "lib/cocos2d/**";
				VALIDATE_PRODUCT = YES;
				WRAPPER_EXTENSION = app;
			};
			name = Release;
		};
/* End XCBuildConfiguration section */

/* Begin XCConfigurationList section */
		C4A0C4A6156E9DFC00E0B7AA /* Build configuration list for PBXProject "ResourceLoaderTest" */ = {
			isa = XCConfigurationList;
			buildConfigurations = (
				C4A0C61C156E9DFF00E0B7AA /* Debug */,
				C4A0C61D156E9DFF00E0B7AA /* Release */,
			);
			defaultConfigurationIsVisible = 0;
			defaultConfigurationName = Release;
		};
		C4A0C61E156E9DFF00E0B7AA /* Build configuration list for PBXNativeTarget "ResourceLoaderTest" */ = {
			isa = XCConfigurationList;
			buildConfigurations = (
				C4A0C61F156E9DFF00E0B7AA /* Debug */,
				C4A0C620156E9DFF00E0B7AA /* Release */,
			);
			defaultConfigurationIsVisible = 0;
			defaultConfigurationName = Release;
		};
/* End XCConfigurationList section */
	};
	rootObject = C4A0C4A3156E9DFC00E0B7AA /* Project object */;
}
